
Microsoft Visual Studio Solution File, Format Version 12.00
# Visual Studio Version 17
VisualStudioVersion = 17.11.35222.181
MinimumVisualStudioVersion = 10.0.40219.1
Project("{8BC9CEB8-8B4A-11D0-8D11-00A0C91BC942}") = "CSCN71030_2_Group_4", "CSCN71030_2_Group_4\CSCN71030_2_Group_4.vcxproj", "{88FD422C-3DB0-4692-BC8B-CC37D88A350A}"
EndProject
Project("{8BC9CEB8-8B4A-11D0-8D11-00A0C91BC942}") = "UnitTests", "UnitTests\UnitTests.vcxproj", "{AA00412A-A284-4C17-8201-4FC7F989DDD2}"
EndProject
Global
	GlobalSection(SolutionConfigurationPlatforms) = preSolution
		Debug|x64 = Debug|x64
		Debug|x86 = Debug|x86
		Release|x64 = Release|x64
		Release|x86 = Release|x86
	EndGlobalSection
	GlobalSection(ProjectConfigurationPlatforms) = postSolution
		{88FD422C-3DB0-4692-BC8B-CC37D88A350A}.Debug|x64.ActiveCfg = Debug|x64
		{88FD422C-3DB0-4692-BC8B-CC37D88A350A}.Debug|x64.Build.0 = Debug|x64
		{88FD422C-3DB0-4692-BC8B-CC37D88A350A}.Debug|x86.ActiveCfg = Debug|Win32
		{88FD422C-3DB0-4692-BC8B-CC37D88A350A}.Debug|x86.Build.0 = Debug|Win32
		{88FD422C-3DB0-4692-BC8B-CC37D88A350A}.Release|x64.ActiveCfg = Release|x64
		{88FD422C-3DB0-4692-BC8B-CC37D88A350A}.Release|x64.Build.0 = Release|x64
		{88FD422C-3DB0-4692-BC8B-CC37D88A350A}.Release|x86.ActiveCfg = Release|Win32
		{88FD422C-3DB0-4692-BC8B-CC37D88A350A}.Release|x86.Build.0 = Release|Win32
		{AA00412A-A284-4C17-8201-4FC7F989DDD2}.Debug|x64.ActiveCfg = Debug|x64
		{AA00412A-A284-4C17-8201-4FC7F989DDD2}.Debug|x64.Build.0 = Debug|x64
		{AA00412A-A284-4C17-8201-4FC7F989DDD2}.Debug|x86.ActiveCfg = Debug|Win32
		{AA00412A-A284-4C17-8201-4FC7F989DDD2}.Debug|x86.Build.0 = Debug|Win32
		{AA00412A-A284-4C17-8201-4FC7F989DDD2}.Release|x64.ActiveCfg = Release|x64
		{AA00412A-A284-4C17-8201-4FC7F989DDD2}.Release|x64.Build.0 = Release|x64
		{AA00412A-A284-4C17-8201-4FC7F989DDD2}.Release|x86.ActiveCfg = Release|Win32
		{AA00412A-A284-4C17-8201-4FC7F989DDD2}.Release|x86.Build.0 = Release|Win32
	EndGlobalSection
	GlobalSection(SolutionProperties) = preSolution
		HideSolutionNode = FALSE
	EndGlobalSection
	GlobalSection(ExtensibilityGlobals) = postSolution
		SolutionGuid = {67ABC63B-95EA-4EC7-B03D-44A627984323}
	EndGlobalSection
EndGlobal
